
Microsoft Visual Studio Solution File, Format Version 12.00
# Visual Studio 15
VisualStudioVersion = 15.0.28307.779
MinimumVisualStudioVersion = 10.0.40219.1
Project("{FAE04EC0-301F-11D3-BF4B-00C04F79EFBC}") = "PhoneAPI_bt01", "PhoneAPI_bt01\PhoneAPI_bt01.csproj", "{BA6B5B78-D2BE-4608-B194-63413558EE49}"
EndProject
Global
	GlobalSection(SolutionConfigurationPlatforms) = preSolution
		Debug|Any CPU = Debug|Any CPU
		Release|Any CPU = Release|Any CPU
	EndGlobalSection
	GlobalSection(ProjectConfigurationPlatforms) = postSolution
		{BA6B5B78-D2BE-4608-B194-63413558EE49}.Debug|Any CPU.ActiveCfg = Debug|Any CPU
		{BA6B5B78-D2BE-4608-B194-63413558EE49}.Debug|Any CPU.Build.0 = Debug|Any CPU
		{BA6B5B78-D2BE-4608-B194-63413558EE49}.Release|Any CPU.ActiveCfg = Release|Any CPU
		{BA6B5B78-D2BE-4608-B194-63413558EE49}.Release|Any CPU.Build.0 = Release|Any CPU
	EndGlobalSection
	GlobalSection(SolutionProperties) = preSolution
		HideSolutionNode = FALSE
	EndGlobalSection
	GlobalSection(ExtensibilityGlobals) = postSolution
		SolutionGuid = {68606D0D-2C10-442A-937F-81E624BE9BD8}
	EndGlobalSection
EndGlobal
